{
  "name": "polybar",
  "lockfileVersion": 2,
  "requires": true,
  "packages": {
    "": {
      "dependencies": {
        "@iconify/icons-emojione": "^1.2.6"
      }
    },
    "node_modules/@iconify/icons-emojione": {
      "version": "1.2.6",
      "resolved": "https://registry.npmjs.org/@iconify/icons-emojione/-/icons-emojione-1.2.6.tgz",
      "integrity": "sha512-dGohnEQzSeMtYjDD8/4kKMPaM+xHnt+QQ3O26qnIR5kjqWstoU8NMyBiJFzz7Q0Zsx1AbtNyPUXXtSH81ufoBA==",
      "dependencies": {
        "@iconify/types": "*"
      }
    },
    "node_modules/@iconify/types": {
      "version": "2.0.0",
      "resolved": "https://registry.npmjs.org/@iconify/types/-/types-2.0.0.tgz",
      "integrity": "sha512-+wluvCrRhXrhyOmRDJ3q8mux9JkKy5SJ/v8ol2tu4FVjyYvtEzkc/3pK15ET6RKg4b4w4BmTk1+gsCUhf21Ykg=="
    }
  },
  "dependencies": {
    "@iconify/icons-emojione": {
      "version": "1.2.6",
      "resolved": "https://registry.npmjs.org/@iconify/icons-emojione/-/icons-emojione-1.2.6.tgz",
      "integrity": "sha512-dGohnEQzSeMtYjDD8/4kKMPaM+xHnt+QQ3O26qnIR5kjqWstoU8NMyBiJFzz7Q0Zsx1AbtNyPUXXtSH81ufoBA==",
      "requires": {
        "@iconify/types": "*"
      }
    },
    "@iconify/types": {
      "version": "2.0.0",
      "resolved": "https://registry.npmjs.org/@iconify/types/-/types-2.0.0.tgz",
      "integrity": "sha512-+wluvCrRhXrhyOmRDJ3q8mux9JkKy5SJ/v8ol2tu4FVjyYvtEzkc/3pK15ET6RKg4b4w4BmTk1+gsCUhf21Ykg=="
    }
  }
}
